// !$*UTF8*$!
{
	archiveVersion = 1;
	classes = {
	};
	objectVersion = 46;
	objects = {

/* Begin PBXBuildFile section */
		58C414F01BFEB9C20053F438 /* main.m in Sources */ = {isa = PBXBuildFile; fileRef = 58C414EF1BFEB9C20053F438 /* main.m */; };
		58C414F31BFEB9C20053F438 /* AppDelegate.m in Sources */ = {isa = PBXBuildFile; fileRef = 58C414F21BFEB9C20053F438 /* AppDelegate.m */; };
		58C414FB1BFEB9C20053F438 /* Assets.xcassets in Resources */ = {isa = PBXBuildFile; fileRef = 58C414FA1BFEB9C20053F438 /* Assets.xcassets */; };
		58C415081BFEB9D00053F438 /* RXActionSheetView.m in Sources */ = {isa = PBXBuildFile; fileRef = 58C415071BFEB9D00053F438 /* RXActionSheetView.m */; };
		58C4150C1BFEB9F90053F438 /* MainViewController.m in Sources */ = {isa = PBXBuildFile; fileRef = 58C4150A1BFEB9F90053F438 /* MainViewController.m */; };
		58C4150D1BFEB9F90053F438 /* MainViewController.xib in Resources */ = {isa = PBXBuildFile; fileRef = 58C4150B1BFEB9F90053F438 /* MainViewController.xib */; };
		C93C19591CDCB0B70085953C /* TestView.m in Sources */ = {isa = PBXBuildFile; fileRef = C93C19581CDCB0B70085953C /* TestView.m */; };
		C9E914AB1DDC3982007B6FEC /* RXActionSheetView.podspec in Resources */ = {isa = PBXBuildFile; fileRef = C9E914AA1DDC3982007B6FEC /* RXActionSheetView.podspec */; };
		C9F3438C1D2BBC4F004ADFA6 /* RXASView.m in Sources */ = {isa = PBXBuildFile; fileRef = C9F3438B1D2BBC4F004ADFA6 /* RXASView.m */; };
/* End PBXBuildFile section */

/* Begin PBXFileReference section */
		58C414EB1BFEB9C20053F438 /* RXActionSheetViewExample.app */ = {isa = PBXFileReference; explicitFileType = wrapper.application; includeInIndex = 0; path = RXActionSheetViewExample.app; sourceTree = BUILT_PRODUCTS_DIR; };
		58C414EF1BFEB9C20053F438 /* main.m */ = {isa = PBXFileReference; lastKnownFileType = sourcecode.c.objc; path = main.m; sourceTree = "<group>"; };
		58C414F11BFEB9C20053F438 /* AppDelegate.h */ = {isa = PBXFileReference; lastKnownFileType = sourcecode.c.h; path = AppDelegate.h; sourceTree = "<group>"; };
		58C414F21BFEB9C20053F438 /* AppDelegate.m */ = {isa = PBXFileReference; lastKnownFileType = sourcecode.c.objc; path = AppDelegate.m; sourceTree = "<group>"; };
		58C414FA1BFEB9C20053F438 /* Assets.xcassets */ = {isa = PBXFileReference; lastKnownFileType = folder.assetcatalog; path = Assets.xcassets; sourceTree = "<group>"; };
		58C414FF1BFEB9C20053F438 /* Info.plist */ = {isa = PBXFileReference; lastKnownFileType = text.plist.xml; path = Info.plist; sourceTree = "<group>"; };
		58C415061BFEB9D00053F438 /* RXActionSheetView.h */ = {isa = PBXFileReference; fileEncoding = 4; lastKnownFileType = sourcecode.c.h; path = RXActionSheetView.h; sourceTree = "<group>"; };
		58C415071BFEB9D00053F438 /* RXActionSheetView.m */ = {isa = PBXFileReference; fileEncoding = 4; lastKnownFileType = sourcecode.c.objc; path = RXActionSheetView.m; sourceTree = "<group>"; };
		58C415091BFEB9F90053F438 /* MainViewController.h */ = {isa = PBXFileReference; fileEncoding = 4; lastKnownFileType = sourcecode.c.h; path = MainViewController.h; sourceTree = "<group>"; };
		58C4150A1BFEB9F90053F438 /* MainViewController.m */ = {isa = PBXFileReference; fileEncoding = 4; lastKnownFileType = sourcecode.c.objc; path = MainViewController.m; sourceTree = "<group>"; };
		58C4150B1BFEB9F90053F438 /* MainViewController.xib */ = {isa = PBXFileReference; fileEncoding = 4; lastKnownFileType = file.xib; path = MainViewController.xib; sourceTree = "<group>"; };
		C93C19571CDCB0B70085953C /* TestView.h */ = {isa = PBXFileReference; fileEncoding = 4; lastKnownFileType = sourcecode.c.h; path = TestView.h; sourceTree = "<group>"; };
		C93C19581CDCB0B70085953C /* TestView.m */ = {isa = PBXFileReference; fileEncoding = 4; lastKnownFileType = sourcecode.c.objc; path = TestView.m; sourceTree = "<group>"; };
		C9E914AA1DDC3982007B6FEC /* RXActionSheetView.podspec */ = {isa = PBXFileReference; fileEncoding = 4; lastKnownFileType = text; name = RXActionSheetView.podspec; path = ../RXActionSheetView.podspec; sourceTree = "<group>"; };
		C9F3438A1D2BBC4F004ADFA6 /* RXASView.h */ = {isa = PBXFileReference; fileEncoding = 4; lastKnownFileType = sourcecode.c.h; path = RXASView.h; sourceTree = "<group>"; };
		C9F3438B1D2BBC4F004ADFA6 /* RXASView.m */ = {isa = PBXFileReference; fileEncoding = 4; lastKnownFileType = sourcecode.c.objc; path = RXASView.m; sourceTree = "<group>"; };
/* End PBXFileReference section */

/* Begin PBXFrameworksBuildPhase section */
		58C414E81BFEB9C20053F438 /* Frameworks */ = {
			isa = PBXFrameworksBuildPhase;
			buildActionMask = 2147483647;
			files = (
			);
			runOnlyForDeploymentPostprocessing = 0;
		};
/* End PBXFrameworksBuildPhase section */

/* Begin PBXGroup section */
		58C414E21BFEB9C20053F438 = {
			isa = PBXGroup;
			children = (
				C9E914AA1DDC3982007B6FEC /* RXActionSheetView.podspec */,
				58C415051BFEB9D00053F438 /* RXActionSheetView */,
				58C414ED1BFEB9C20053F438 /* RXActionSheetViewExample */,
				58C414EC1BFEB9C20053F438 /* Products */,
			);
			sourceTree = "<group>";
		};
		58C414EC1BFEB9C20053F438 /* Products */ = {
			isa = PBXGroup;
			children = (
				58C414EB1BFEB9C20053F438 /* RXActionSheetViewExample.app */,
			);
			name = Products;
			sourceTree = "<group>";
		};
		58C414ED1BFEB9C20053F438 /* RXActionSheetViewExample */ = {
			isa = PBXGroup;
			children = (
				58C414F11BFEB9C20053F438 /* AppDelegate.h */,
				58C414F21BFEB9C20053F438 /* AppDelegate.m */,
				58C414FA1BFEB9C20053F438 /* Assets.xcassets */,
				58C414FF1BFEB9C20053F438 /* Info.plist */,
				58C414EE1BFEB9C20053F438 /* Supporting Files */,
				58C415091BFEB9F90053F438 /* MainViewController.h */,
				58C4150A1BFEB9F90053F438 /* MainViewController.m */,
				58C4150B1BFEB9F90053F438 /* MainViewController.xib */,
				C93C19571CDCB0B70085953C /* TestView.h */,
				C93C19581CDCB0B70085953C /* TestView.m */,
				C9F3438A1D2BBC4F004ADFA6 /* RXASView.h */,
				C9F3438B1D2BBC4F004ADFA6 /* RXASView.m */,
			);
			path = RXActionSheetViewExample;
			sourceTree = "<group>";
		};
		58C414EE1BFEB9C20053F438 /* Supporting Files */ = {
			isa = PBXGroup;
			children = (
				58C414EF1BFEB9C20053F438 /* main.m */,
			);
			name = "Supporting Files";
			sourceTree = "<group>";
		};
		58C415051BFEB9D00053F438 /* RXActionSheetView */ = {
			isa = PBXGroup;
			children = (
				58C415061BFEB9D00053F438 /* RXActionSheetView.h */,
				58C415071BFEB9D00053F438 /* RXActionSheetView.m */,
			);
			name = RXActionSheetView;
			path = ../RXActionSheetView;
			sourceTree = "<group>";
		};
/* End PBXGroup section */

/* Begin PBXNativeTarget section */
		58C414EA1BFEB9C20053F438 /* RXActionSheetViewExample */ = {
			isa = PBXNativeTarget;
			buildConfigurationList = 58C415021BFEB9C20053F438 /* Build configuration list for PBXNativeTarget "RXActionSheetViewExample" */;
			buildPhases = (
				58C414E71BFEB9C20053F438 /* Sources */,
				58C414E81BFEB9C20053F438 /* Frameworks */,
				58C414E91BFEB9C20053F438 /* Resources */,
			);
			buildRules = (
			);
			dependencies = (
			);
			name = RXActionSheetViewExample;
			productName = RXActionSheetViewExample;
			productReference = 58C414EB1BFEB9C20053F438 /* RXActionSheetViewExample.app */;
			productType = "com.apple.product-type.application";
		};
/* End PBXNativeTarget section */

/* Begin PBXProject section */
		58C414E31BFEB9C20053F438 /* Project object */ = {
			isa = PBXProject;
			attributes = {
				LastUpgradeCheck = 0800;
				ORGANIZATIONNAME = Rush.D.Xzj;
				TargetAttributes = {
					58C414EA1BFEB9C20053F438 = {
						CreatedOnToolsVersion = 7.1;
						DevelopmentTeam = FAHJ3Z55C4;
					};
				};
			};
			buildConfigurationList = 58C414E61BFEB9C20053F438 /* Build configuration list for PBXProject "RXActionSheetViewExample" */;
			compatibilityVersion = "Xcode 3.2";
			developmentRegion = English;
			hasScannedForEncodings = 0;
			knownRegions = (
				en,
				Base,
			);
			mainGroup = 58C414E21BFEB9C20053F438;
			productRefGroup = 58C414EC1BFEB9C20053F438 /* Products */;
			projectDirPath = "";
			projectRoot = "";
			targets = (
				58C414EA1BFEB9C20053F438 /* RXActionSheetViewExample */,
			);
		};
/* End PBXProject section */

/* Begin PBXResourcesBuildPhase section */
		58C414E91BFEB9C20053F438 /* Resources */ = {
			isa = PBXResourcesBuildPhase;
			buildActionMask = 2147483647;
			files = (
				58C414FB1BFEB9C20053F438 /* Assets.xcassets in Resources */,
				58C4150D1BFEB9F90053F438 /* MainViewController.xib in Resources */,
				C9E914AB1DDC3982007B6FEC /* RXActionSheetView.podspec in Resources */,
			);
			runOnlyForDeploymentPostprocessing = 0;
		};
/* End PBXResourcesBuildPhase section */

/* Begin PBXSourcesBuildPhase section */
		58C414E71BFEB9C20053F438 /* Sources */ = {
			isa = PBXSourcesBuildPhase;
			buildActionMask = 2147483647;
			files = (
				58C414F31BFEB9C20053F438 /* AppDelegate.m in Sources */,
				58C415081BFEB9D00053F438 /* RXActionSheetView.m in Sources */,
				C9F3438C1D2BBC4F004ADFA6 /* RXASView.m in Sources */,
				C93C19591CDCB0B70085953C /* TestView.m in Sources */,
				58C4150C1BFEB9F90053F438 /* MainViewController.m in Sources */,
				58C414F01BFEB9C20053F438 /* main.m in Sources */,
			);
			runOnlyForDeploymentPostprocessing = 0;
		};
/* End PBXSourcesBuildPhase section */

/* Begin XCBuildConfiguration section */
		58C415001BFEB9C20053F438 /* Debug */ = {
			isa = XCBuildConfiguration;
			buildSettings = {
				ALWAYS_SEARCH_USER_PATHS = NO;
				CLANG_CXX_LANGUAGE_STANDARD = "gnu++0x";
				CLANG_CXX_LIBRARY = "libc++";
				CLANG_ENABLE_MODULES = YES;
				CLANG_ENABLE_OBJC_ARC = YES;
				CLANG_WARN_BOOL_CONVERSION = YES;
				CLANG_WARN_CONSTANT_CONVERSION = YES;
				CLANG_WARN_DIRECT_OBJC_ISA_USAGE = YES_ERROR;
				CLANG_WARN_EMPTY_BODY = YES;
				CLANG_WARN_ENUM_CONVERSION = YES;
				CLANG_WARN_INFINITE_RECURSION = YES;
				CLANG_WARN_INT_CONVERSION = YES;
				CLANG_WARN_OBJC_ROOT_CLASS = YES_ERROR;
				CLANG_WARN_SUSPICIOUS_MOVE = YES;
				CLANG_WARN_UNREACHABLE_CODE = YES;
				CLANG_WARN__DUPLICATE_METHOD_MATCH = YES;
				"CODE_SIGN_IDENTITY[sdk=iphoneos*]" = "iPhone Developer";
				COPY_PHASE_STRIP = NO;
				DEBUG_INFORMATION_FORMAT = dwarf;
				ENABLE_STRICT_OBJC_MSGSEND = YES;
				ENABLE_TESTABILITY = YES;
				GCC_C_LANGUAGE_STANDARD = gnu99;
				GCC_DYNAMIC_NO_PIC = NO;
				GCC_NO_COMMON_BLOCKS = YES;
				GCC_OPTIMIZATION_LEVEL = 0;
				GCC_PREPROCESSOR_DEFINITIONS = (
					"DEBUG=1",
					"$(inherited)",
				);
				GCC_WARN_64_TO_32_BIT_CONVERSION = YES;
				GCC_WARN_ABOUT_RETURN_TYPE = YES_ERROR;
				GCC_WARN_UNDECLARED_SELECTOR = YES;
				GCC_WARN_UNINITIALIZED_AUTOS = YES_AGGRESSIVE;
				GCC_WARN_UNUSED_FUNCTION = YES;
				GCC_WARN_UNUSED_VARIABLE = YES;
				IPHONEOS_DEPLOYMENT_TARGET = 8.0;
				MTL_ENABLE_DEBUG_INFO = YES;
				ONLY_ACTIVE_ARCH = YES;
				SDKROOT = iphoneos;
			};
			name = Debug;
		};
		58C415011BFEB9C20053F438 /* Release */ = {
			isa = XCBuildConfiguration;
			buildSettings = {
				ALWAYS_SEARCH_USER_PATHS = NO;
				CLANG_CXX_LANGUAGE_STANDARD = "gnu++0x";
				CLANG_CXX_LIBRARY = "libc++";
				CLANG_ENABLE_MODULES = YES;
				CLANG_ENABLE_OBJC_ARC = YES;
				CLANG_WARN_BOOL_CONVERSION = YES;
				CLANG_WARN_CONSTANT_CONVERSION = YES;
				CLANG_WARN_DIRECT_OBJC_ISA_USAGE = YES_ERROR;
				CLANG_WARN_EMPTY_BODY = YES;
				CLANG_WARN_ENUM_CONVERSION = YES;
				CLANG_WARN_INFINITE_RECURSION = YES;
				CLANG_WARN_INT_CONVERSION = YES;
				CLANG_WARN_OBJC_ROOT_CLASS = YES_ERROR;
				CLANG_WARN_SUSPICIOUS_MOVE = YES;
				CLANG_WARN_UNREACHABLE_CODE = YES;
				CLANG_WARN__DUPLICATE_METHOD_MATCH = YES;
				"CODE_SIGN_IDENTITY[sdk=iphoneos*]" = "iPhone Developer";
				COPY_PHASE_STRIP = NO;
				DEBUG_INFORMATION_FORMAT = "dwarf-with-dsym";
				ENABLE_NS_ASSERTIONS = NO;
				ENABLE_STRICT_OBJC_MSGSEND = YES;
				GCC_C_LANGUAGE_STANDARD = gnu99;
				GCC_NO_COMMON_BLOCKS = YES;
				GCC_WARN_64_TO_32_BIT_CONVERSION = YES;
				GCC_WARN_ABOUT_RETURN_TYPE = YES_ERROR;
				GCC_WARN_UNDECLARED_SELECTOR = YES;
				GCC_WARN_UNINITIALIZED_AUTOS = YES_AGGRESSIVE;
				GCC_WARN_UNUSED_FUNCTION = YES;
				GCC_WARN_UNUSED_VARIABLE = YES;
				IPHONEOS_DEPLOYMENT_TARGET = 8.0;
				MTL_ENABLE_DEBUG_INFO = NO;
				SDKROOT = iphoneos;
				VALIDATE_PRODUCT = YES;
			};
			name = Release;
		};
		58C415031BFEB9C20053F438 /* Debug */ = {
			isa = XCBuildConfiguration;
			buildSettings = {
				ASSETCATALOG_COMPILER_APPICON_NAME = AppIcon;
				ASSETCATALOG_COMPILER_LAUNCHIMAGE_NAME = LaunchImage;
				DEVELOPMENT_TEAM = FAHJ3Z55C4;
				INFOPLIST_FILE = RXActionSheetViewExample/Info.plist;
				IPHONEOS_DEPLOYMENT_TARGET = 8.0;
				LD_RUNPATH_SEARCH_PATHS = "$(inherited) @executable_path/Frameworks";
				PRODUCT_BUNDLE_IDENTIFIER = com.xzj.RXActionSheetViewExample;
				PRODUCT_NAME = "$(TARGET_NAME)";
			};
			name = Debug;
		};
		58C415041BFEB9C20053F438 /* Release */ = {
			isa = XCBuildConfiguration;
			buildSettings = {
				ASSETCATALOG_COMPILER_APPICON_NAME = AppIcon;
				ASSETCATALOG_COMPILER_LAUNCHIMAGE_NAME = LaunchImage;
				DEVELOPMENT_TEAM = FAHJ3Z55C4;
				INFOPLIST_FILE = RXActionSheetViewExample/Info.plist;
				IPHONEOS_DEPLOYMENT_TARGET = 8.0;
				LD_RUNPATH_SEARCH_PATHS = "$(inherited) @executable_path/Frameworks";
				PRODUCT_BUNDLE_IDENTIFIER = com.xzj.RXActionSheetViewExample;
				PRODUCT_NAME = "$(TARGET_NAME)";
			};
			name = Release;
		};
/* End XCBuildConfiguration section */

/* Begin XCConfigurationList section */
		58C414E61BFEB9C20053F438 /* Build configuration list for PBXProject "RXActionSheetViewExample" */ = {
			isa = XCConfigurationList;
			buildConfigurations = (
				58C415001BFEB9C20053F438 /* Debug */,
				58C415011BFEB9C20053F438 /* Release */,
			);
			defaultConfigurationIsVisible = 0;
			defaultConfigurationName = Release;
		};
		58C415021BFEB9C20053F438 /* Build configuration list for PBXNativeTarget "RXActionSheetViewExample" */ = {
			isa = XCConfigurationList;
			buildConfigurations = (
				58C415031BFEB9C20053F438 /* Debug */,
				58C415041BFEB9C20053F438 /* Release */,
			);
			defaultConfigurationIsVisible = 0;
			defaultConfigurationName = Release;
		};
/* End XCConfigurationList section */
	};
	rootObject = 58C414E31BFEB9C20053F438 /* Project object */;
}
